
Microsoft Visual Studio Solution File, Format Version 12.00
# Visual Studio 15
VisualStudioVersion = 15.0.27703.2035
MinimumVisualStudioVersion = 10.0.40219.1
Project("{FAE04EC0-301F-11D3-BF4B-00C04F79EFBC}") = "App1.Android", "App1\App1.Android\App1.Android.csproj", "{4452DA26-7D44-4F12-B76D-905D64CC32C1}"
EndProject
Project("{FAE04EC0-301F-11D3-BF4B-00C04F79EFBC}") = "App1.iOS", "App1\App1.iOS\App1.iOS.csproj", "{FADFC1BB-0E6F-401B-9656-9444349165C3}"
EndProject
Project("{FAE04EC0-301F-11D3-BF4B-00C04F79EFBC}") = "App1", "App1\App1\App1.csproj", "{1B17DD2E-083F-42CD-8351-5DE98984D416}"
EndProject
Global
	GlobalSection(SolutionConfigurationPlatforms) = preSolution
		Ad-Hoc|Any CPU = Ad-Hoc|Any CPU
		Ad-Hoc|iPhone = Ad-Hoc|iPhone
		Ad-Hoc|iPhoneSimulator = Ad-Hoc|iPhoneSimulator
		AppStore|Any CPU = AppStore|Any CPU
		AppStore|iPhone = AppStore|iPhone
		AppStore|iPhoneSimulator = AppStore|iPhoneSimulator
		Debug|Any CPU = Debug|Any CPU
		Debug|iPhone = Debug|iPhone
		Debug|iPhoneSimulator = Debug|iPhoneSimulator
		Release|Any CPU = Release|Any CPU
		Release|iPhone = Release|iPhone
		Release|iPhoneSimulator = Release|iPhoneSimulator
	EndGlobalSection
	GlobalSection(ProjectConfigurationPlatforms) = postSolution
		{4452DA26-7D44-4F12-B76D-905D64CC32C1}.Ad-Hoc|Any CPU.ActiveCfg = Release|Any CPU
		{4452DA26-7D44-4F12-B76D-905D64CC32C1}.Ad-Hoc|Any CPU.Build.0 = Release|Any CPU
		{4452DA26-7D44-4F12-B76D-905D64CC32C1}.Ad-Hoc|Any CPU.Deploy.0 = Release|Any CPU
		{4452DA26-7D44-4F12-B76D-905D64CC32C1}.Ad-Hoc|iPhone.ActiveCfg = Release|Any CPU
		{4452DA26-7D44-4F12-B76D-905D64CC32C1}.Ad-Hoc|iPhone.Build.0 = Release|Any CPU
		{4452DA26-7D44-4F12-B76D-905D64CC32C1}.Ad-Hoc|iPhone.Deploy.0 = Release|Any CPU
		{4452DA26-7D44-4F12-B76D-905D64CC32C1}.Ad-Hoc|iPhoneSimulator.ActiveCfg = Release|Any CPU
		{4452DA26-7D44-4F12-B76D-905D64CC32C1}.Ad-Hoc|iPhoneSimulator.Build.0 = Release|Any CPU
		{4452DA26-7D44-4F12-B76D-905D64CC32C1}.Ad-Hoc|iPhoneSimulator.Deploy.0 = Release|Any CPU
		{4452DA26-7D44-4F12-B76D-905D64CC32C1}.AppStore|Any CPU.ActiveCfg = Release|Any CPU
		{4452DA26-7D44-4F12-B76D-905D64CC32C1}.AppStore|Any CPU.Build.0 = Release|Any CPU
		{4452DA26-7D44-4F12-B76D-905D64CC32C1}.AppStore|Any CPU.Deploy.0 = Release|Any CPU
		{4452DA26-7D44-4F12-B76D-905D64CC32C1}.AppStore|iPhone.ActiveCfg = Release|Any CPU
		{4452DA26-7D44-4F12-B76D-905D64CC32C1}.AppStore|iPhone.Build.0 = Release|Any CPU
		{4452DA26-7D44-4F12-B76D-905D64CC32C1}.AppStore|iPhone.Deploy.0 = Release|Any CPU
		{4452DA26-7D44-4F12-B76D-905D64CC32C1}.AppStore|iPhoneSimulator.ActiveCfg = Release|Any CPU
		{4452DA26-7D44-4F12-B76D-905D64CC32C1}.AppStore|iPhoneSimulator.Build.0 = Release|Any CPU
		{4452DA26-7D44-4F12-B76D-905D64CC32C1}.AppStore|iPhoneSimulator.Deploy.0 = Release|Any CPU
		{4452DA26-7D44-4F12-B76D-905D64CC32C1}.Debug|Any CPU.ActiveCfg = Debug|Any CPU
		{4452DA26-7D44-4F12-B76D-905D64CC32C1}.Debug|Any CPU.Build.0 = Debug|Any CPU
		{4452DA26-7D44-4F12-B76D-905D64CC32C1}.Debug|Any CPU.Deploy.0 = Debug|Any CPU
		{4452DA26-7D44-4F12-B76D-905D64CC32C1}.Debug|iPhone.ActiveCfg = Debug|Any CPU
		{4452DA26-7D44-4F12-B76D-905D64CC32C1}.Debug|iPhone.Build.0 = Debug|Any CPU
		{4452DA26-7D44-4F12-B76D-905D64CC32C1}.Debug|iPhone.Deploy.0 = Debug|Any CPU
		{4452DA26-7D44-4F12-B76D-905D64CC32C1}.Debug|iPhoneSimulator.ActiveCfg = Debug|Any CPU
		{4452DA26-7D44-4F12-B76D-905D64CC32C1}.Debug|iPhoneSimulator.Build.0 = Debug|Any CPU
		{4452DA26-7D44-4F12-B76D-905D64CC32C1}.Debug|iPhoneSimulator.Deploy.0 = Debug|Any CPU
		{4452DA26-7D44-4F12-B76D-905D64CC32C1}.Release|Any CPU.ActiveCfg = Release|Any CPU
		{4452DA26-7D44-4F12-B76D-905D64CC32C1}.Release|Any CPU.Build.0 = Release|Any CPU
		{4452DA26-7D44-4F12-B76D-905D64CC32C1}.Release|Any CPU.Deploy.0 = Release|Any CPU
		{4452DA26-7D44-4F12-B76D-905D64CC32C1}.Release|iPhone.ActiveCfg = Release|Any CPU
		{4452DA26-7D44-4F12-B76D-905D64CC32C1}.Release|iPhone.Build.0 = Release|Any CPU
		{4452DA26-7D44-4F12-B76D-905D64CC32C1}.Release|iPhone.Deploy.0 = Release|Any CPU
		{4452DA26-7D44-4F12-B76D-905D64CC32C1}.Release|iPhoneSimulator.ActiveCfg = Release|Any CPU
		{4452DA26-7D44-4F12-B76D-905D64CC32C1}.Release|iPhoneSimulator.Build.0 = Release|Any CPU
		{4452DA26-7D44-4F12-B76D-905D64CC32C1}.Release|iPhoneSimulator.Deploy.0 = Release|Any CPU
		{FADFC1BB-0E6F-401B-9656-9444349165C3}.Ad-Hoc|Any CPU.ActiveCfg = Ad-Hoc|iPhone
		{FADFC1BB-0E6F-401B-9656-9444349165C3}.Ad-Hoc|Any CPU.Build.0 = Ad-Hoc|iPhone
		{FADFC1BB-0E6F-401B-9656-9444349165C3}.Ad-Hoc|Any CPU.Deploy.0 = Ad-Hoc|iPhone
		{FADFC1BB-0E6F-401B-9656-9444349165C3}.Ad-Hoc|iPhone.ActiveCfg = Ad-Hoc|iPhone
		{FADFC1BB-0E6F-401B-9656-9444349165C3}.Ad-Hoc|iPhone.Build.0 = Ad-Hoc|iPhone
		{FADFC1BB-0E6F-401B-9656-9444349165C3}.Ad-Hoc|iPhone.Deploy.0 = Ad-Hoc|iPhone
		{FADFC1BB-0E6F-401B-9656-9444349165C3}.Ad-Hoc|iPhoneSimulator.ActiveCfg = Ad-Hoc|iPhoneSimulator
		{FADFC1BB-0E6F-401B-9656-9444349165C3}.Ad-Hoc|iPhoneSimulator.Build.0 = Ad-Hoc|iPhoneSimulator
		{FADFC1BB-0E6F-401B-9656-9444349165C3}.Ad-Hoc|iPhoneSimulator.Deploy.0 = Ad-Hoc|iPhoneSimulator
		{FADFC1BB-0E6F-401B-9656-9444349165C3}.AppStore|Any CPU.ActiveCfg = AppStore|iPhone
		{FADFC1BB-0E6F-401B-9656-9444349165C3}.AppStore|Any CPU.Build.0 = AppStore|iPhone
		{FADFC1BB-0E6F-401B-9656-9444349165C3}.AppStore|Any CPU.Deploy.0 = AppStore|iPhone
		{FADFC1BB-0E6F-401B-9656-9444349165C3}.AppStore|iPhone.ActiveCfg = AppStore|iPhone
		{FADFC1BB-0E6F-401B-9656-9444349165C3}.AppStore|iPhone.Build.0 = AppStore|iPhone
		{FADFC1BB-0E6F-401B-9656-9444349165C3}.AppStore|iPhone.Deploy.0 = AppStore|iPhone
		{FADFC1BB-0E6F-401B-9656-9444349165C3}.AppStore|iPhoneSimulator.ActiveCfg = AppStore|iPhoneSimulator
		{FADFC1BB-0E6F-401B-9656-9444349165C3}.AppStore|iPhoneSimulator.Build.0 = AppStore|iPhoneSimulator
		{FADFC1BB-0E6F-401B-9656-9444349165C3}.AppStore|iPhoneSimulator.Deploy.0 = AppStore|iPhoneSimulator
		{FADFC1BB-0E6F-401B-9656-9444349165C3}.Debug|Any CPU.ActiveCfg = Debug|iPhoneSimulator
		{FADFC1BB-0E6F-401B-9656-9444349165C3}.Debug|Any CPU.Build.0 = Debug|iPhoneSimulator
		{FADFC1BB-0E6F-401B-9656-9444349165C3}.Debug|Any CPU.Deploy.0 = Debug|iPhoneSimulator
		{FADFC1BB-0E6F-401B-9656-9444349165C3}.Debug|iPhone.ActiveCfg = Debug|iPhone
		{FADFC1BB-0E6F-401B-9656-9444349165C3}.Debug|iPhone.Build.0 = Debug|iPhone
		{FADFC1BB-0E6F-401B-9656-9444349165C3}.Debug|iPhone.Deploy.0 = Debug|iPhone
		{FADFC1BB-0E6F-401B-9656-9444349165C3}.Debug|iPhoneSimulator.ActiveCfg = Debug|iPhoneSimulator
		{FADFC1BB-0E6F-401B-9656-9444349165C3}.Debug|iPhoneSimulator.Build.0 = Debug|iPhoneSimulator
		{FADFC1BB-0E6F-401B-9656-9444349165C3}.Debug|iPhoneSimulator.Deploy.0 = Debug|iPhoneSimulator
		{FADFC1BB-0E6F-401B-9656-9444349165C3}.Release|Any CPU.ActiveCfg = Release|iPhone
		{FADFC1BB-0E6F-401B-9656-9444349165C3}.Release|Any CPU.Build.0 = Release|iPhone
		{FADFC1BB-0E6F-401B-9656-9444349165C3}.Release|Any CPU.Deploy.0 = Release|iPhone
		{FADFC1BB-0E6F-401B-9656-9444349165C3}.Release|iPhone.ActiveCfg = Release|iPhone
		{FADFC1BB-0E6F-401B-9656-9444349165C3}.Release|iPhone.Build.0 = Release|iPhone
		{FADFC1BB-0E6F-401B-9656-9444349165C3}.Release|iPhone.Deploy.0 = Release|iPhone
		{FADFC1BB-0E6F-401B-9656-9444349165C3}.Release|iPhoneSimulator.ActiveCfg = Release|iPhoneSimulator
		{FADFC1BB-0E6F-401B-9656-9444349165C3}.Release|iPhoneSimulator.Build.0 = Release|iPhoneSimulator
		{FADFC1BB-0E6F-401B-9656-9444349165C3}.Release|iPhoneSimulator.Deploy.0 = Release|iPhoneSimulator
		{1B17DD2E-083F-42CD-8351-5DE98984D416}.Ad-Hoc|Any CPU.ActiveCfg = Debug|Any CPU
		{1B17DD2E-083F-42CD-8351-5DE98984D416}.Ad-Hoc|Any CPU.Build.0 = Debug|Any CPU
		{1B17DD2E-083F-42CD-8351-5DE98984D416}.Ad-Hoc|Any CPU.Deploy.0 = Debug|Any CPU
		{1B17DD2E-083F-42CD-8351-5DE98984D416}.Ad-Hoc|iPhone.ActiveCfg = Debug|Any CPU
		{1B17DD2E-083F-42CD-8351-5DE98984D416}.Ad-Hoc|iPhone.Build.0 = Debug|Any CPU
		{1B17DD2E-083F-42CD-8351-5DE98984D416}.Ad-Hoc|iPhone.Deploy.0 = Debug|Any CPU
		{1B17DD2E-083F-42CD-8351-5DE98984D416}.Ad-Hoc|iPhoneSimulator.ActiveCfg = Debug|Any CPU
		{1B17DD2E-083F-42CD-8351-5DE98984D416}.Ad-Hoc|iPhoneSimulator.Build.0 = Debug|Any CPU
		{1B17DD2E-083F-42CD-8351-5DE98984D416}.Ad-Hoc|iPhoneSimulator.Deploy.0 = Debug|Any CPU
		{1B17DD2E-083F-42CD-8351-5DE98984D416}.AppStore|Any CPU.ActiveCfg = Debug|Any CPU
		{1B17DD2E-083F-42CD-8351-5DE98984D416}.AppStore|Any CPU.Build.0 = Debug|Any CPU
		{1B17DD2E-083F-42CD-8351-5DE98984D416}.AppStore|Any CPU.Deploy.0 = Debug|Any CPU
		{1B17DD2E-083F-42CD-8351-5DE98984D416}.AppStore|iPhone.ActiveCfg = Debug|Any CPU
		{1B17DD2E-083F-42CD-8351-5DE98984D416}.AppStore|iPhone.Build.0 = Debug|Any CPU
		{1B17DD2E-083F-42CD-8351-5DE98984D416}.AppStore|iPhone.Deploy.0 = Debug|Any CPU
		{1B17DD2E-083F-42CD-8351-5DE98984D416}.AppStore|iPhoneSimulator.ActiveCfg = Debug|Any CPU
		{1B17DD2E-083F-42CD-8351-5DE98984D416}.AppStore|iPhoneSimulator.Build.0 = Debug|Any CPU
		{1B17DD2E-083F-42CD-8351-5DE98984D416}.AppStore|iPhoneSimulator.Deploy.0 = Debug|Any CPU
		{1B17DD2E-083F-42CD-8351-5DE98984D416}.Debug|Any CPU.ActiveCfg = Debug|Any CPU
		{1B17DD2E-083F-42CD-8351-5DE98984D416}.Debug|Any CPU.Build.0 = Debug|Any CPU
		{1B17DD2E-083F-42CD-8351-5DE98984D416}.Debug|Any CPU.Deploy.0 = Debug|Any CPU
		{1B17DD2E-083F-42CD-8351-5DE98984D416}.Debug|iPhone.ActiveCfg = Debug|Any CPU
		{1B17DD2E-083F-42CD-8351-5DE98984D416}.Debug|iPhone.Build.0 = Debug|Any CPU
		{1B17DD2E-083F-42CD-8351-5DE98984D416}.Debug|iPhone.Deploy.0 = Debug|Any CPU
		{1B17DD2E-083F-42CD-8351-5DE98984D416}.Debug|iPhoneSimulator.ActiveCfg = Debug|Any CPU
		{1B17DD2E-083F-42CD-8351-5DE98984D416}.Debug|iPhoneSimulator.Build.0 = Debug|Any CPU
		{1B17DD2E-083F-42CD-8351-5DE98984D416}.Debug|iPhoneSimulator.Deploy.0 = Debug|Any CPU
		{1B17DD2E-083F-42CD-8351-5DE98984D416}.Release|Any CPU.ActiveCfg = Release|Any CPU
		{1B17DD2E-083F-42CD-8351-5DE98984D416}.Release|Any CPU.Build.0 = Release|Any CPU
		{1B17DD2E-083F-42CD-8351-5DE98984D416}.Release|Any CPU.Deploy.0 = Release|Any CPU
		{1B17DD2E-083F-42CD-8351-5DE98984D416}.Release|iPhone.ActiveCfg = Release|Any CPU
		{1B17DD2E-083F-42CD-8351-5DE98984D416}.Release|iPhone.Build.0 = Release|Any CPU
		{1B17DD2E-083F-42CD-8351-5DE98984D416}.Release|iPhone.Deploy.0 = Release|Any CPU
		{1B17DD2E-083F-42CD-8351-5DE98984D416}.Release|iPhoneSimulator.ActiveCfg = Release|Any CPU
		{1B17DD2E-083F-42CD-8351-5DE98984D416}.Release|iPhoneSimulator.Build.0 = Release|Any CPU
		{1B17DD2E-083F-42CD-8351-5DE98984D416}.Release|iPhoneSimulator.Deploy.0 = Release|Any CPU
	EndGlobalSection
	GlobalSection(SolutionProperties) = preSolution
		HideSolutionNode = FALSE
	EndGlobalSection
	GlobalSection(ExtensibilityGlobals) = postSolution
		SolutionGuid = {3915CD16-40C5-4DAB-B49A-11D0CAC30A3A}
	EndGlobalSection
EndGlobal
