
Microsoft Visual Studio Solution File, Format Version 12.00
# Visual Studio 15
VisualStudioVersion = 15.0.27703.2035
MinimumVisualStudioVersion = 10.0.40219.1
Project("{FAE04EC0-301F-11D3-BF4B-00C04F79EFBC}") = "ListViews.Android", "ListViews\ListViews.Android\ListViews.Android.csproj", "{5EBAEAA2-911D-4CA5-BC73-C69680ADA5CF}"
EndProject
Project("{FAE04EC0-301F-11D3-BF4B-00C04F79EFBC}") = "ListViews.iOS", "ListViews\ListViews.iOS\ListViews.iOS.csproj", "{CBA5310F-56C6-48A7-8476-16B3716E1530}"
EndProject
Project("{FAE04EC0-301F-11D3-BF4B-00C04F79EFBC}") = "ListViews", "ListViews\ListViews\ListViews.csproj", "{B450F4BC-7970-465E-ABE2-DCADEC2591F6}"
EndProject
Global
	GlobalSection(SolutionConfigurationPlatforms) = preSolution
		Ad-Hoc|Any CPU = Ad-Hoc|Any CPU
		Ad-Hoc|iPhone = Ad-Hoc|iPhone
		Ad-Hoc|iPhoneSimulator = Ad-Hoc|iPhoneSimulator
		AppStore|Any CPU = AppStore|Any CPU
		AppStore|iPhone = AppStore|iPhone
		AppStore|iPhoneSimulator = AppStore|iPhoneSimulator
		Debug|Any CPU = Debug|Any CPU
		Debug|iPhone = Debug|iPhone
		Debug|iPhoneSimulator = Debug|iPhoneSimulator
		Release|Any CPU = Release|Any CPU
		Release|iPhone = Release|iPhone
		Release|iPhoneSimulator = Release|iPhoneSimulator
	EndGlobalSection
	GlobalSection(ProjectConfigurationPlatforms) = postSolution
		{5EBAEAA2-911D-4CA5-BC73-C69680ADA5CF}.Ad-Hoc|Any CPU.ActiveCfg = Release|Any CPU
		{5EBAEAA2-911D-4CA5-BC73-C69680ADA5CF}.Ad-Hoc|Any CPU.Build.0 = Release|Any CPU
		{5EBAEAA2-911D-4CA5-BC73-C69680ADA5CF}.Ad-Hoc|Any CPU.Deploy.0 = Release|Any CPU
		{5EBAEAA2-911D-4CA5-BC73-C69680ADA5CF}.Ad-Hoc|iPhone.ActiveCfg = Release|Any CPU
		{5EBAEAA2-911D-4CA5-BC73-C69680ADA5CF}.Ad-Hoc|iPhone.Build.0 = Release|Any CPU
		{5EBAEAA2-911D-4CA5-BC73-C69680ADA5CF}.Ad-Hoc|iPhone.Deploy.0 = Release|Any CPU
		{5EBAEAA2-911D-4CA5-BC73-C69680ADA5CF}.Ad-Hoc|iPhoneSimulator.ActiveCfg = Release|Any CPU
		{5EBAEAA2-911D-4CA5-BC73-C69680ADA5CF}.Ad-Hoc|iPhoneSimulator.Build.0 = Release|Any CPU
		{5EBAEAA2-911D-4CA5-BC73-C69680ADA5CF}.Ad-Hoc|iPhoneSimulator.Deploy.0 = Release|Any CPU
		{5EBAEAA2-911D-4CA5-BC73-C69680ADA5CF}.AppStore|Any CPU.ActiveCfg = Release|Any CPU
		{5EBAEAA2-911D-4CA5-BC73-C69680ADA5CF}.AppStore|Any CPU.Build.0 = Release|Any CPU
		{5EBAEAA2-911D-4CA5-BC73-C69680ADA5CF}.AppStore|Any CPU.Deploy.0 = Release|Any CPU
		{5EBAEAA2-911D-4CA5-BC73-C69680ADA5CF}.AppStore|iPhone.ActiveCfg = Release|Any CPU
		{5EBAEAA2-911D-4CA5-BC73-C69680ADA5CF}.AppStore|iPhone.Build.0 = Release|Any CPU
		{5EBAEAA2-911D-4CA5-BC73-C69680ADA5CF}.AppStore|iPhone.Deploy.0 = Release|Any CPU
		{5EBAEAA2-911D-4CA5-BC73-C69680ADA5CF}.AppStore|iPhoneSimulator.ActiveCfg = Release|Any CPU
		{5EBAEAA2-911D-4CA5-BC73-C69680ADA5CF}.AppStore|iPhoneSimulator.Build.0 = Release|Any CPU
		{5EBAEAA2-911D-4CA5-BC73-C69680ADA5CF}.AppStore|iPhoneSimulator.Deploy.0 = Release|Any CPU
		{5EBAEAA2-911D-4CA5-BC73-C69680ADA5CF}.Debug|Any CPU.ActiveCfg = Debug|Any CPU
		{5EBAEAA2-911D-4CA5-BC73-C69680ADA5CF}.Debug|Any CPU.Build.0 = Debug|Any CPU
		{5EBAEAA2-911D-4CA5-BC73-C69680ADA5CF}.Debug|Any CPU.Deploy.0 = Debug|Any CPU
		{5EBAEAA2-911D-4CA5-BC73-C69680ADA5CF}.Debug|iPhone.ActiveCfg = Debug|Any CPU
		{5EBAEAA2-911D-4CA5-BC73-C69680ADA5CF}.Debug|iPhone.Build.0 = Debug|Any CPU
		{5EBAEAA2-911D-4CA5-BC73-C69680ADA5CF}.Debug|iPhone.Deploy.0 = Debug|Any CPU
		{5EBAEAA2-911D-4CA5-BC73-C69680ADA5CF}.Debug|iPhoneSimulator.ActiveCfg = Debug|Any CPU
		{5EBAEAA2-911D-4CA5-BC73-C69680ADA5CF}.Debug|iPhoneSimulator.Build.0 = Debug|Any CPU
		{5EBAEAA2-911D-4CA5-BC73-C69680ADA5CF}.Debug|iPhoneSimulator.Deploy.0 = Debug|Any CPU
		{5EBAEAA2-911D-4CA5-BC73-C69680ADA5CF}.Release|Any CPU.ActiveCfg = Release|Any CPU
		{5EBAEAA2-911D-4CA5-BC73-C69680ADA5CF}.Release|Any CPU.Build.0 = Release|Any CPU
		{5EBAEAA2-911D-4CA5-BC73-C69680ADA5CF}.Release|Any CPU.Deploy.0 = Release|Any CPU
		{5EBAEAA2-911D-4CA5-BC73-C69680ADA5CF}.Release|iPhone.ActiveCfg = Release|Any CPU
		{5EBAEAA2-911D-4CA5-BC73-C69680ADA5CF}.Release|iPhone.Build.0 = Release|Any CPU
		{5EBAEAA2-911D-4CA5-BC73-C69680ADA5CF}.Release|iPhone.Deploy.0 = Release|Any CPU
		{5EBAEAA2-911D-4CA5-BC73-C69680ADA5CF}.Release|iPhoneSimulator.ActiveCfg = Release|Any CPU
		{5EBAEAA2-911D-4CA5-BC73-C69680ADA5CF}.Release|iPhoneSimulator.Build.0 = Release|Any CPU
		{5EBAEAA2-911D-4CA5-BC73-C69680ADA5CF}.Release|iPhoneSimulator.Deploy.0 = Release|Any CPU
		{CBA5310F-56C6-48A7-8476-16B3716E1530}.Ad-Hoc|Any CPU.ActiveCfg = Ad-Hoc|iPhone
		{CBA5310F-56C6-48A7-8476-16B3716E1530}.Ad-Hoc|Any CPU.Build.0 = Ad-Hoc|iPhone
		{CBA5310F-56C6-48A7-8476-16B3716E1530}.Ad-Hoc|Any CPU.Deploy.0 = Ad-Hoc|iPhone
		{CBA5310F-56C6-48A7-8476-16B3716E1530}.Ad-Hoc|iPhone.ActiveCfg = Ad-Hoc|iPhone
		{CBA5310F-56C6-48A7-8476-16B3716E1530}.Ad-Hoc|iPhone.Build.0 = Ad-Hoc|iPhone
		{CBA5310F-56C6-48A7-8476-16B3716E1530}.Ad-Hoc|iPhone.Deploy.0 = Ad-Hoc|iPhone
		{CBA5310F-56C6-48A7-8476-16B3716E1530}.Ad-Hoc|iPhoneSimulator.ActiveCfg = Ad-Hoc|iPhoneSimulator
		{CBA5310F-56C6-48A7-8476-16B3716E1530}.Ad-Hoc|iPhoneSimulator.Build.0 = Ad-Hoc|iPhoneSimulator
		{CBA5310F-56C6-48A7-8476-16B3716E1530}.Ad-Hoc|iPhoneSimulator.Deploy.0 = Ad-Hoc|iPhoneSimulator
		{CBA5310F-56C6-48A7-8476-16B3716E1530}.AppStore|Any CPU.ActiveCfg = AppStore|iPhone
		{CBA5310F-56C6-48A7-8476-16B3716E1530}.AppStore|Any CPU.Build.0 = AppStore|iPhone
		{CBA5310F-56C6-48A7-8476-16B3716E1530}.AppStore|Any CPU.Deploy.0 = AppStore|iPhone
		{CBA5310F-56C6-48A7-8476-16B3716E1530}.AppStore|iPhone.ActiveCfg = AppStore|iPhone
		{CBA5310F-56C6-48A7-8476-16B3716E1530}.AppStore|iPhone.Build.0 = AppStore|iPhone
		{CBA5310F-56C6-48A7-8476-16B3716E1530}.AppStore|iPhone.Deploy.0 = AppStore|iPhone
		{CBA5310F-56C6-48A7-8476-16B3716E1530}.AppStore|iPhoneSimulator.ActiveCfg = AppStore|iPhoneSimulator
		{CBA5310F-56C6-48A7-8476-16B3716E1530}.AppStore|iPhoneSimulator.Build.0 = AppStore|iPhoneSimulator
		{CBA5310F-56C6-48A7-8476-16B3716E1530}.AppStore|iPhoneSimulator.Deploy.0 = AppStore|iPhoneSimulator
		{CBA5310F-56C6-48A7-8476-16B3716E1530}.Debug|Any CPU.ActiveCfg = Debug|iPhoneSimulator
		{CBA5310F-56C6-48A7-8476-16B3716E1530}.Debug|Any CPU.Build.0 = Debug|iPhoneSimulator
		{CBA5310F-56C6-48A7-8476-16B3716E1530}.Debug|Any CPU.Deploy.0 = Debug|iPhoneSimulator
		{CBA5310F-56C6-48A7-8476-16B3716E1530}.Debug|iPhone.ActiveCfg = Debug|iPhone
		{CBA5310F-56C6-48A7-8476-16B3716E1530}.Debug|iPhone.Build.0 = Debug|iPhone
		{CBA5310F-56C6-48A7-8476-16B3716E1530}.Debug|iPhone.Deploy.0 = Debug|iPhone
		{CBA5310F-56C6-48A7-8476-16B3716E1530}.Debug|iPhoneSimulator.ActiveCfg = Debug|iPhoneSimulator
		{CBA5310F-56C6-48A7-8476-16B3716E1530}.Debug|iPhoneSimulator.Build.0 = Debug|iPhoneSimulator
		{CBA5310F-56C6-48A7-8476-16B3716E1530}.Debug|iPhoneSimulator.Deploy.0 = Debug|iPhoneSimulator
		{CBA5310F-56C6-48A7-8476-16B3716E1530}.Release|Any CPU.ActiveCfg = Release|iPhone
		{CBA5310F-56C6-48A7-8476-16B3716E1530}.Release|Any CPU.Build.0 = Release|iPhone
		{CBA5310F-56C6-48A7-8476-16B3716E1530}.Release|Any CPU.Deploy.0 = Release|iPhone
		{CBA5310F-56C6-48A7-8476-16B3716E1530}.Release|iPhone.ActiveCfg = Release|iPhone
		{CBA5310F-56C6-48A7-8476-16B3716E1530}.Release|iPhone.Build.0 = Release|iPhone
		{CBA5310F-56C6-48A7-8476-16B3716E1530}.Release|iPhone.Deploy.0 = Release|iPhone
		{CBA5310F-56C6-48A7-8476-16B3716E1530}.Release|iPhoneSimulator.ActiveCfg = Release|iPhoneSimulator
		{CBA5310F-56C6-48A7-8476-16B3716E1530}.Release|iPhoneSimulator.Build.0 = Release|iPhoneSimulator
		{CBA5310F-56C6-48A7-8476-16B3716E1530}.Release|iPhoneSimulator.Deploy.0 = Release|iPhoneSimulator
		{B450F4BC-7970-465E-ABE2-DCADEC2591F6}.Ad-Hoc|Any CPU.ActiveCfg = Debug|Any CPU
		{B450F4BC-7970-465E-ABE2-DCADEC2591F6}.Ad-Hoc|Any CPU.Build.0 = Debug|Any CPU
		{B450F4BC-7970-465E-ABE2-DCADEC2591F6}.Ad-Hoc|Any CPU.Deploy.0 = Debug|Any CPU
		{B450F4BC-7970-465E-ABE2-DCADEC2591F6}.Ad-Hoc|iPhone.ActiveCfg = Debug|Any CPU
		{B450F4BC-7970-465E-ABE2-DCADEC2591F6}.Ad-Hoc|iPhone.Build.0 = Debug|Any CPU
		{B450F4BC-7970-465E-ABE2-DCADEC2591F6}.Ad-Hoc|iPhone.Deploy.0 = Debug|Any CPU
		{B450F4BC-7970-465E-ABE2-DCADEC2591F6}.Ad-Hoc|iPhoneSimulator.ActiveCfg = Debug|Any CPU
		{B450F4BC-7970-465E-ABE2-DCADEC2591F6}.Ad-Hoc|iPhoneSimulator.Build.0 = Debug|Any CPU
		{B450F4BC-7970-465E-ABE2-DCADEC2591F6}.Ad-Hoc|iPhoneSimulator.Deploy.0 = Debug|Any CPU
		{B450F4BC-7970-465E-ABE2-DCADEC2591F6}.AppStore|Any CPU.ActiveCfg = Debug|Any CPU
		{B450F4BC-7970-465E-ABE2-DCADEC2591F6}.AppStore|Any CPU.Build.0 = Debug|Any CPU
		{B450F4BC-7970-465E-ABE2-DCADEC2591F6}.AppStore|Any CPU.Deploy.0 = Debug|Any CPU
		{B450F4BC-7970-465E-ABE2-DCADEC2591F6}.AppStore|iPhone.ActiveCfg = Debug|Any CPU
		{B450F4BC-7970-465E-ABE2-DCADEC2591F6}.AppStore|iPhone.Build.0 = Debug|Any CPU
		{B450F4BC-7970-465E-ABE2-DCADEC2591F6}.AppStore|iPhone.Deploy.0 = Debug|Any CPU
		{B450F4BC-7970-465E-ABE2-DCADEC2591F6}.AppStore|iPhoneSimulator.ActiveCfg = Debug|Any CPU
		{B450F4BC-7970-465E-ABE2-DCADEC2591F6}.AppStore|iPhoneSimulator.Build.0 = Debug|Any CPU
		{B450F4BC-7970-465E-ABE2-DCADEC2591F6}.AppStore|iPhoneSimulator.Deploy.0 = Debug|Any CPU
		{B450F4BC-7970-465E-ABE2-DCADEC2591F6}.Debug|Any CPU.ActiveCfg = Debug|Any CPU
		{B450F4BC-7970-465E-ABE2-DCADEC2591F6}.Debug|Any CPU.Build.0 = Debug|Any CPU
		{B450F4BC-7970-465E-ABE2-DCADEC2591F6}.Debug|Any CPU.Deploy.0 = Debug|Any CPU
		{B450F4BC-7970-465E-ABE2-DCADEC2591F6}.Debug|iPhone.ActiveCfg = Debug|Any CPU
		{B450F4BC-7970-465E-ABE2-DCADEC2591F6}.Debug|iPhone.Build.0 = Debug|Any CPU
		{B450F4BC-7970-465E-ABE2-DCADEC2591F6}.Debug|iPhone.Deploy.0 = Debug|Any CPU
		{B450F4BC-7970-465E-ABE2-DCADEC2591F6}.Debug|iPhoneSimulator.ActiveCfg = Debug|Any CPU
		{B450F4BC-7970-465E-ABE2-DCADEC2591F6}.Debug|iPhoneSimulator.Build.0 = Debug|Any CPU
		{B450F4BC-7970-465E-ABE2-DCADEC2591F6}.Debug|iPhoneSimulator.Deploy.0 = Debug|Any CPU
		{B450F4BC-7970-465E-ABE2-DCADEC2591F6}.Release|Any CPU.ActiveCfg = Release|Any CPU
		{B450F4BC-7970-465E-ABE2-DCADEC2591F6}.Release|Any CPU.Build.0 = Release|Any CPU
		{B450F4BC-7970-465E-ABE2-DCADEC2591F6}.Release|Any CPU.Deploy.0 = Release|Any CPU
		{B450F4BC-7970-465E-ABE2-DCADEC2591F6}.Release|iPhone.ActiveCfg = Release|Any CPU
		{B450F4BC-7970-465E-ABE2-DCADEC2591F6}.Release|iPhone.Build.0 = Release|Any CPU
		{B450F4BC-7970-465E-ABE2-DCADEC2591F6}.Release|iPhone.Deploy.0 = Release|Any CPU
		{B450F4BC-7970-465E-ABE2-DCADEC2591F6}.Release|iPhoneSimulator.ActiveCfg = Release|Any CPU
		{B450F4BC-7970-465E-ABE2-DCADEC2591F6}.Release|iPhoneSimulator.Build.0 = Release|Any CPU
		{B450F4BC-7970-465E-ABE2-DCADEC2591F6}.Release|iPhoneSimulator.Deploy.0 = Release|Any CPU
	EndGlobalSection
	GlobalSection(SolutionProperties) = preSolution
		HideSolutionNode = FALSE
	EndGlobalSection
	GlobalSection(ExtensibilityGlobals) = postSolution
		SolutionGuid = {C4B6929A-318B-47EE-BCEE-8DE4CAE15701}
	EndGlobalSection
EndGlobal
